# @generated by Move, please check-in and do not edit manually.

[move]
version = 2
manifest_digest = "378E9CC806918865E1A9D60377B6C9A3CEE64395920F3649A9D7F167095C3853"
deps_digest = "F8BBB0CCB2491CA29A3DF03D6F92277A4F3574266507ACD77214D37ECA3F3082"
dependencies = [
  { name = "Sui" },
]

[[move.package]]
name = "MoveStdlib"
source = { git = "https://github.com/MystenLabs/sui.git", rev = "framework/testnet", subdir = "crates/sui-framework/packages/move-stdlib" }

[[move.package]]
name = "Sui"
source = { git = "https://github.com/MystenLabs/sui.git", rev = "framework/testnet", subdir = "crates/sui-framework/packages/sui-framework" }

dependencies = [
  { name = "MoveStdlib" },
]

[move.toolchain-version]
compiler-version = "1.32.0"
edition = "2024.beta"
flavor = "sui"

[env]

[env.testnet]
chain-id = "4c78adac"
original-published-id = "0xbd8c180d4ff36ea983d3b3284728a4b0fa320ddfe8bfee7e92843dd394c414ad"
latest-published-id = "0xbd8c180d4ff36ea983d3b3284728a4b0fa320ddfe8bfee7e92843dd394c414ad"
published-version = "1"
